
Microsoft Visual Studio Solution File, Format Version 12.00
# Visual Studio Version 16
VisualStudioVersion = 16.0.31729.503
MinimumVisualStudioVersion = 10.0.40219.1
Project("{FAE04EC0-301F-11D3-BF4B-00C04F79EFBC}") = "BetaMart5", "BetaMart5.csproj", "{FD046256-49A4-48E5-A14C-604FCB3FD275}"
EndProject
Global
	GlobalSection(SolutionConfigurationPlatforms) = preSolution
		Debug|Any CPU = Debug|Any CPU
		Release|Any CPU = Release|Any CPU
	EndGlobalSection
	GlobalSection(ProjectConfigurationPlatforms) = postSolution
		{FD046256-49A4-48E5-A14C-604FCB3FD275}.Debug|Any CPU.ActiveCfg = Debug|Any CPU
		{FD046256-49A4-48E5-A14C-604FCB3FD275}.Debug|Any CPU.Build.0 = Debug|Any CPU
		{FD046256-49A4-48E5-A14C-604FCB3FD275}.Release|Any CPU.ActiveCfg = Release|Any CPU
		{FD046256-49A4-48E5-A14C-604FCB3FD275}.Release|Any CPU.Build.0 = Release|Any CPU
	EndGlobalSection
	GlobalSection(SolutionProperties) = preSolution
		HideSolutionNode = FALSE
	EndGlobalSection
	GlobalSection(ExtensibilityGlobals) = postSolution
		SolutionGuid = {06B1E2DD-C6E1-451E-A24B-83214B7B95DA}
	EndGlobalSection
EndGlobal
